
Microsoft Visual Studio Solution File, Format Version 12.00
# Visual Studio Version 16
VisualStudioVersion = 16.0.31702.278
MinimumVisualStudioVersion = 10.0.40219.1
Project("{9A19103F-16F7-4668-BE54-9A1E7A4F7556}") = "CarRental.WebAPI", "CarRental\CarRental.WebAPI.csproj", "{D73B77A1-F23B-4A17-A4CD-50A7515A6CBB}"
EndProject
Project("{9A19103F-16F7-4668-BE54-9A1E7A4F7556}") = "CarRental.Entities", "CarRental.DAL\CarRental.Entities.csproj", "{C9B650AF-4DEF-4C6A-9BEA-DDB08224B91C}"
EndProject
Project("{9A19103F-16F7-4668-BE54-9A1E7A4F7556}") = "CarRental.Services", "CarRental.Services\CarRental.Services.csproj", "{6D6E4F90-C7FD-4156-9DBC-E8E2DF7C0195}"
EndProject
Global
	GlobalSection(SolutionConfigurationPlatforms) = preSolution
		Debug|Any CPU = Debug|Any CPU
		Release|Any CPU = Release|Any CPU
	EndGlobalSection
	GlobalSection(ProjectConfigurationPlatforms) = postSolution
		{D73B77A1-F23B-4A17-A4CD-50A7515A6CBB}.Debug|Any CPU.ActiveCfg = Debug|Any CPU
		{D73B77A1-F23B-4A17-A4CD-50A7515A6CBB}.Debug|Any CPU.Build.0 = Debug|Any CPU
		{D73B77A1-F23B-4A17-A4CD-50A7515A6CBB}.Release|Any CPU.ActiveCfg = Release|Any CPU
		{D73B77A1-F23B-4A17-A4CD-50A7515A6CBB}.Release|Any CPU.Build.0 = Release|Any CPU
		{C9B650AF-4DEF-4C6A-9BEA-DDB08224B91C}.Debug|Any CPU.ActiveCfg = Debug|Any CPU
		{C9B650AF-4DEF-4C6A-9BEA-DDB08224B91C}.Debug|Any CPU.Build.0 = Debug|Any CPU
		{C9B650AF-4DEF-4C6A-9BEA-DDB08224B91C}.Release|Any CPU.ActiveCfg = Release|Any CPU
		{C9B650AF-4DEF-4C6A-9BEA-DDB08224B91C}.Release|Any CPU.Build.0 = Release|Any CPU
		{6D6E4F90-C7FD-4156-9DBC-E8E2DF7C0195}.Debug|Any CPU.ActiveCfg = Debug|Any CPU
		{6D6E4F90-C7FD-4156-9DBC-E8E2DF7C0195}.Debug|Any CPU.Build.0 = Debug|Any CPU
		{6D6E4F90-C7FD-4156-9DBC-E8E2DF7C0195}.Release|Any CPU.ActiveCfg = Release|Any CPU
		{6D6E4F90-C7FD-4156-9DBC-E8E2DF7C0195}.Release|Any CPU.Build.0 = Release|Any CPU
	EndGlobalSection
	GlobalSection(SolutionProperties) = preSolution
		HideSolutionNode = FALSE
	EndGlobalSection
	GlobalSection(ExtensibilityGlobals) = postSolution
		SolutionGuid = {FF688E3A-2F41-45C8-8260-A52EE1A7D57C}
	EndGlobalSection
EndGlobal
